
Microsoft Visual Studio Solution File, Format Version 12.00
# Visual Studio 14
VisualStudioVersion = 14.0.22013.1
MinimumVisualStudioVersion = 10.0.40219.1
Project("{FAE04EC0-301F-11D3-BF4B-00C04F79EFBC}") = "AutoArrange", "AutoArrange\AutoArrange.csproj", "{DC3511F4-6812-4E62-B0E2-6074FA8CA1CB}"
EndProject
Project("{FAE04EC0-301F-11D3-BF4B-00C04F79EFBC}") = "AutoArrange.Tests", "AutoArrange.Tests\AutoArrange.Tests.csproj", "{F4DA2700-8BEC-42E1-A305-0E22915DBAF7}"
EndProject
Global
	GlobalSection(SolutionConfigurationPlatforms) = preSolution
		Debug|Any CPU = Debug|Any CPU
		Release|Any CPU = Release|Any CPU
	EndGlobalSection
	GlobalSection(ProjectConfigurationPlatforms) = postSolution
		{DC3511F4-6812-4E62-B0E2-6074FA8CA1CB}.Debug|Any CPU.ActiveCfg = Debug|Any CPU
		{DC3511F4-6812-4E62-B0E2-6074FA8CA1CB}.Debug|Any CPU.Build.0 = Debug|Any CPU
		{DC3511F4-6812-4E62-B0E2-6074FA8CA1CB}.Release|Any CPU.ActiveCfg = Release|Any CPU
		{DC3511F4-6812-4E62-B0E2-6074FA8CA1CB}.Release|Any CPU.Build.0 = Release|Any CPU
		{F4DA2700-8BEC-42E1-A305-0E22915DBAF7}.Debug|Any CPU.ActiveCfg = Debug|Any CPU
		{F4DA2700-8BEC-42E1-A305-0E22915DBAF7}.Debug|Any CPU.Build.0 = Debug|Any CPU
		{F4DA2700-8BEC-42E1-A305-0E22915DBAF7}.Release|Any CPU.ActiveCfg = Release|Any CPU
		{F4DA2700-8BEC-42E1-A305-0E22915DBAF7}.Release|Any CPU.Build.0 = Release|Any CPU
	EndGlobalSection
	GlobalSection(SolutionProperties) = preSolution
		HideSolutionNode = FALSE
	EndGlobalSection
EndGlobal
