
Microsoft Visual Studio Solution File, Format Version 12.00
# Visual Studio 14
VisualStudioVersion = 14.0.22310.1
MinimumVisualStudioVersion = 10.0.40219.1
Project("{FAE04EC0-301F-11D3-BF4B-00C04F79EFBC}") = "AutoArrange", "AutoArrange\AutoArrange.csproj", "{F96AEE08-8115-4B92-9736-3DC4D99E1BF3}"
EndProject
Project("{FAE04EC0-301F-11D3-BF4B-00C04F79EFBC}") = "AutoArrange.Vsix", "AutoArrange.Vsix\AutoArrange.Vsix.csproj", "{B6B111EF-BA6D-43EC-B04E-E91AFE1F6095}"
EndProject
Project("{FAE04EC0-301F-11D3-BF4B-00C04F79EFBC}") = "AutoArrange.Tests", "AutoArrange.Tests\AutoArrange.Tests.csproj", "{C80EA031-E32D-4B8D-9233-64879B836AF8}"
EndProject
Global
	GlobalSection(SolutionConfigurationPlatforms) = preSolution
		Debug|Any CPU = Debug|Any CPU
		Release|Any CPU = Release|Any CPU
	EndGlobalSection
	GlobalSection(ProjectConfigurationPlatforms) = postSolution
		{F96AEE08-8115-4B92-9736-3DC4D99E1BF3}.Debug|Any CPU.ActiveCfg = Debug|Any CPU
		{F96AEE08-8115-4B92-9736-3DC4D99E1BF3}.Debug|Any CPU.Build.0 = Debug|Any CPU
		{F96AEE08-8115-4B92-9736-3DC4D99E1BF3}.Release|Any CPU.ActiveCfg = Release|Any CPU
		{F96AEE08-8115-4B92-9736-3DC4D99E1BF3}.Release|Any CPU.Build.0 = Release|Any CPU
		{B6B111EF-BA6D-43EC-B04E-E91AFE1F6095}.Debug|Any CPU.ActiveCfg = Debug|Any CPU
		{B6B111EF-BA6D-43EC-B04E-E91AFE1F6095}.Debug|Any CPU.Build.0 = Debug|Any CPU
		{B6B111EF-BA6D-43EC-B04E-E91AFE1F6095}.Release|Any CPU.ActiveCfg = Release|Any CPU
		{B6B111EF-BA6D-43EC-B04E-E91AFE1F6095}.Release|Any CPU.Build.0 = Release|Any CPU
		{C80EA031-E32D-4B8D-9233-64879B836AF8}.Debug|Any CPU.ActiveCfg = Debug|Any CPU
		{C80EA031-E32D-4B8D-9233-64879B836AF8}.Debug|Any CPU.Build.0 = Debug|Any CPU
		{C80EA031-E32D-4B8D-9233-64879B836AF8}.Release|Any CPU.ActiveCfg = Release|Any CPU
		{C80EA031-E32D-4B8D-9233-64879B836AF8}.Release|Any CPU.Build.0 = Release|Any CPU
	EndGlobalSection
	GlobalSection(SolutionProperties) = preSolution
		HideSolutionNode = FALSE
	EndGlobalSection
EndGlobal
